
Microsoft Visual Studio Solution File, Format Version 12.00
# Visual Studio Version 16
VisualStudioVersion = 16.0.29306.81
MinimumVisualStudioVersion = 10.0.40219.1
Project("{FAE04EC0-301F-11D3-BF4B-00C04F79EFBC}") = "Module3_2", "Module3_2\Module3_2.csproj", "{2BC05B68-D03D-438B-A4B7-98B799B6C398}"
EndProject
Global
	GlobalSection(SolutionConfigurationPlatforms) = preSolution
		Debug|Any CPU = Debug|Any CPU
		Release|Any CPU = Release|Any CPU
	EndGlobalSection
	GlobalSection(ProjectConfigurationPlatforms) = postSolution
		{2BC05B68-D03D-438B-A4B7-98B799B6C398}.Debug|Any CPU.ActiveCfg = Debug|Any CPU
		{2BC05B68-D03D-438B-A4B7-98B799B6C398}.Debug|Any CPU.Build.0 = Debug|Any CPU
		{2BC05B68-D03D-438B-A4B7-98B799B6C398}.Release|Any CPU.ActiveCfg = Release|Any CPU
		{2BC05B68-D03D-438B-A4B7-98B799B6C398}.Release|Any CPU.Build.0 = Release|Any CPU
	EndGlobalSection
	GlobalSection(SolutionProperties) = preSolution
		HideSolutionNode = FALSE
	EndGlobalSection
	GlobalSection(ExtensibilityGlobals) = postSolution
		SolutionGuid = {BBF7E990-C47A-47F8-B00F-6E93A6BDC9DF}
	EndGlobalSection
EndGlobal
