
Microsoft Visual Studio Solution File, Format Version 12.00
# Visual Studio Version 16
VisualStudioVersion = 16.0.29306.81
MinimumVisualStudioVersion = 10.0.40219.1
Project("{FAE04EC0-301F-11D3-BF4B-00C04F79EFBC}") = "Module3_7", "Module3_7\Module3_7.csproj", "{E41DFD03-1615-4885-9402-47FF0E0C6834}"
EndProject
Global
	GlobalSection(SolutionConfigurationPlatforms) = preSolution
		Debug|Any CPU = Debug|Any CPU
		Release|Any CPU = Release|Any CPU
	EndGlobalSection
	GlobalSection(ProjectConfigurationPlatforms) = postSolution
		{E41DFD03-1615-4885-9402-47FF0E0C6834}.Debug|Any CPU.ActiveCfg = Debug|Any CPU
		{E41DFD03-1615-4885-9402-47FF0E0C6834}.Debug|Any CPU.Build.0 = Debug|Any CPU
		{E41DFD03-1615-4885-9402-47FF0E0C6834}.Release|Any CPU.ActiveCfg = Release|Any CPU
		{E41DFD03-1615-4885-9402-47FF0E0C6834}.Release|Any CPU.Build.0 = Release|Any CPU
	EndGlobalSection
	GlobalSection(SolutionProperties) = preSolution
		HideSolutionNode = FALSE
	EndGlobalSection
	GlobalSection(ExtensibilityGlobals) = postSolution
		SolutionGuid = {1AA84A6F-AA7C-4B97-BD34-428361C88A65}
	EndGlobalSection
EndGlobal
