
Microsoft Visual Studio Solution File, Format Version 12.00
# Visual Studio Version 16
VisualStudioVersion = 16.0.29306.81
MinimumVisualStudioVersion = 10.0.40219.1
Project("{FAE04EC0-301F-11D3-BF4B-00C04F79EFBC}") = "Module3_6", "Module3_6\Module3_6.csproj", "{21F31836-52E4-4B1D-9622-945F37A89545}"
EndProject
Global
	GlobalSection(SolutionConfigurationPlatforms) = preSolution
		Debug|Any CPU = Debug|Any CPU
		Release|Any CPU = Release|Any CPU
	EndGlobalSection
	GlobalSection(ProjectConfigurationPlatforms) = postSolution
		{21F31836-52E4-4B1D-9622-945F37A89545}.Debug|Any CPU.ActiveCfg = Debug|Any CPU
		{21F31836-52E4-4B1D-9622-945F37A89545}.Debug|Any CPU.Build.0 = Debug|Any CPU
		{21F31836-52E4-4B1D-9622-945F37A89545}.Release|Any CPU.ActiveCfg = Release|Any CPU
		{21F31836-52E4-4B1D-9622-945F37A89545}.Release|Any CPU.Build.0 = Release|Any CPU
	EndGlobalSection
	GlobalSection(SolutionProperties) = preSolution
		HideSolutionNode = FALSE
	EndGlobalSection
	GlobalSection(ExtensibilityGlobals) = postSolution
		SolutionGuid = {330A9426-1621-4E54-BE5E-F718CADC0964}
	EndGlobalSection
EndGlobal
